# This file is automatically @generated by Poetry 1.4.0 and should not be changed by hand.

[[package]]
name = "cabarchive"
version = "0.2.4"
description = "A pure-python library for creating and extracting cab files"
category = "main"
optional = false
python-versions = "*"
files = [
    {file = "cabarchive-0.2.4-py3-none-any.whl", hash = "sha256:4afabd224eb2e40af8e907379fb8eec6b0adfb71c2aef4457ec3a4d77383c059"},
    {file = "cabarchive-0.2.4.tar.gz", hash = "sha256:04f60089473114cf26eab2b7e1d09611c5bfaf8edd3202dacef66bb5c71e48cf"},
]

[[package]]
name = "colorama"
version = "0.4.6"
description = "Cross-platform colored terminal text."
category = "dev"
optional = false
python-versions = "!=3.0.*,!=3.1.*,!=3.2.*,!=3.3.*,!=3.4.*,!=3.5.*,!=3.6.*,>=2.7"
files = [
    {file = "colorama-0.4.6-py2.py3-none-any.whl", hash = "sha256:4f1d9991f5acc0ca119f9d443620b77f9d6b33703e51011c16baf57afb285fc6"},
    {file = "colorama-0.4.6.tar.gz", hash = "sha256:08695f5cb7ed6e0531a20572697297273c47b8cae5a63ffc6d6ed5c201be6e44"},
]

[[package]]
name = "coverage"
version = "7.7.1"
description = "Code coverage measurement for Python"
category = "dev"
optional = false
python-versions = ">=3.9"
files = [
    {file = "coverage-7.7.1-cp310-cp310-macosx_10_9_x86_64.whl", hash = "sha256:553ba93f8e3c70e1b0031e4dfea36aba4e2b51fe5770db35e99af8dc5c5a9dfe"},
    {file = "coverage-7.7.1-cp310-cp310-macosx_11_0_arm64.whl", hash = "sha256:44683f2556a56c9a6e673b583763096b8efbd2df022b02995609cf8e64fc8ae0"},
    {file = "coverage-7.7.1-cp310-cp310-manylinux_2_17_aarch64.manylinux2014_aarch64.whl", hash = "sha256:02fad4f8faa4153db76f9246bc95c1d99f054f4e0a884175bff9155cf4f856cb"},
    {file = "coverage-7.7.1-cp310-cp310-manylinux_2_5_i686.manylinux1_i686.manylinux_2_17_i686.manylinux2014_i686.whl", hash = "sha256:4c181ceba2e6808ede1e964f7bdc77bd8c7eb62f202c63a48cc541e5ffffccb6"},
    {file = "coverage-7.7.1-cp310-cp310-manylinux_2_5_x86_64.manylinux1_x86_64.manylinux_2_17_x86_64.manylinux2014_x86_64.whl", hash = "sha256:80b5b207a8b08c6a934b214e364cab2fa82663d4af18981a6c0a9e95f8df7602"},
    {file = "coverage-7.7.1-cp310-cp310-musllinux_1_2_aarch64.whl", hash = "sha256:25fe40967717bad0ce628a0223f08a10d54c9d739e88c9cbb0f77b5959367542"},
    {file = "coverage-7.7.1-cp310-cp310-musllinux_1_2_i686.whl", hash = "sha256:881cae0f9cbd928c9c001487bb3dcbfd0b0af3ef53ae92180878591053be0cb3"},
    {file = "coverage-7.7.1-cp310-cp310-musllinux_1_2_x86_64.whl", hash = "sha256:c90e9141e9221dd6fbc16a2727a5703c19443a8d9bf7d634c792fa0287cee1ab"},
    {file = "coverage-7.7.1-cp310-cp310-win32.whl", hash = "sha256:ae13ed5bf5542d7d4a0a42ff5160e07e84adc44eda65ddaa635c484ff8e55917"},
    {file = "coverage-7.7.1-cp310-cp310-win_amd64.whl", hash = "sha256:171e9977c6a5d2b2be9efc7df1126fd525ce7cad0eb9904fe692da007ba90d81"},
    {file = "coverage-7.7.1-cp311-cp311-macosx_10_9_x86_64.whl", hash = "sha256:1165490be0069e34e4f99d08e9c5209c463de11b471709dfae31e2a98cbd49fd"},
    {file = "coverage-7.7.1-cp311-cp311-macosx_11_0_arm64.whl", hash = "sha256:44af11c00fd3b19b8809487630f8a0039130d32363239dfd15238e6d37e41a48"},
    {file = "coverage-7.7.1-cp311-cp311-manylinux_2_17_aarch64.manylinux2014_aarch64.whl", hash = "sha256:fbba59022e7c20124d2f520842b75904c7b9f16c854233fa46575c69949fb5b9"},
    {file = "coverage-7.7.1-cp311-cp311-manylinux_2_5_i686.manylinux1_i686.manylinux_2_17_i686.manylinux2014_i686.whl", hash = "sha256:af94fb80e4f159f4d93fb411800448ad87b6039b0500849a403b73a0d36bb5ae"},
    {file = "coverage-7.7.1-cp311-cp311-manylinux_2_5_x86_64.manylinux1_x86_64.manylinux_2_17_x86_64.manylinux2014_x86_64.whl", hash = "sha256:eae79f8e3501133aa0e220bbc29573910d096795882a70e6f6e6637b09522133"},
    {file = "coverage-7.7.1-cp311-cp311-musllinux_1_2_aarch64.whl", hash = "sha256:e33426a5e1dc7743dd54dfd11d3a6c02c5d127abfaa2edd80a6e352b58347d1a"},
    {file = "coverage-7.7.1-cp311-cp311-musllinux_1_2_i686.whl", hash = "sha256:b559adc22486937786731dac69e57296cb9aede7e2687dfc0d2696dbd3b1eb6b"},
    {file = "coverage-7.7.1-cp311-cp311-musllinux_1_2_x86_64.whl", hash = "sha256:b838a91e84e1773c3436f6cc6996e000ed3ca5721799e7789be18830fad009a2"},
    {file = "coverage-7.7.1-cp311-cp311-win32.whl", hash = "sha256:2c492401bdb3a85824669d6a03f57b3dfadef0941b8541f035f83bbfc39d4282"},
    {file = "coverage-7.7.1-cp311-cp311-win_amd64.whl", hash = "sha256:1e6f867379fd033a0eeabb1be0cffa2bd660582b8b0c9478895c509d875a9d9e"},
    {file = "coverage-7.7.1-cp312-cp312-macosx_10_13_x86_64.whl", hash = "sha256:eff187177d8016ff6addf789dcc421c3db0d014e4946c1cc3fbf697f7852459d"},
    {file = "coverage-7.7.1-cp312-cp312-macosx_11_0_arm64.whl", hash = "sha256:2444fbe1ba1889e0b29eb4d11931afa88f92dc507b7248f45be372775b3cef4f"},
    {file = "coverage-7.7.1-cp312-cp312-manylinux_2_17_aarch64.manylinux2014_aarch64.whl", hash = "sha256:177d837339883c541f8524683e227adcaea581eca6bb33823a2a1fdae4c988e1"},
    {file = "coverage-7.7.1-cp312-cp312-manylinux_2_5_i686.manylinux1_i686.manylinux_2_17_i686.manylinux2014_i686.whl", hash = "sha256:15d54ecef1582b1d3ec6049b20d3c1a07d5e7f85335d8a3b617c9960b4f807e0"},
    {file = "coverage-7.7.1-cp312-cp312-manylinux_2_5_x86_64.manylinux1_x86_64.manylinux_2_17_x86_64.manylinux2014_x86_64.whl", hash = "sha256:75c82b27c56478d5e1391f2e7b2e7f588d093157fa40d53fd9453a471b1191f2"},
    {file = "coverage-7.7.1-cp312-cp312-musllinux_1_2_aarch64.whl", hash = "sha256:315ff74b585110ac3b7ab631e89e769d294f303c6d21302a816b3554ed4c81af"},
    {file = "coverage-7.7.1-cp312-cp312-musllinux_1_2_i686.whl", hash = "sha256:4dd532dac197d68c478480edde74fd4476c6823355987fd31d01ad9aa1e5fb59"},
    {file = "coverage-7.7.1-cp312-cp312-musllinux_1_2_x86_64.whl", hash = "sha256:385618003e3d608001676bb35dc67ae3ad44c75c0395d8de5780af7bb35be6b2"},
    {file = "coverage-7.7.1-cp312-cp312-win32.whl", hash = "sha256:63306486fcb5a827449464f6211d2991f01dfa2965976018c9bab9d5e45a35c8"},
    {file = "coverage-7.7.1-cp312-cp312-win_amd64.whl", hash = "sha256:37351dc8123c154fa05b7579fdb126b9f8b1cf42fd6f79ddf19121b7bdd4aa04"},
    {file = "coverage-7.7.1-cp313-cp313-macosx_10_13_x86_64.whl", hash = "sha256:eebd927b86761a7068a06d3699fd6c20129becf15bb44282db085921ea0f1585"},
    {file = "coverage-7.7.1-cp313-cp313-macosx_11_0_arm64.whl", hash = "sha256:2a79c4a09765d18311c35975ad2eb1ac613c0401afdd9cb1ca4110aeb5dd3c4c"},
    {file = "coverage-7.7.1-cp313-cp313-manylinux_2_17_aarch64.manylinux2014_aarch64.whl", hash = "sha256:8b1c65a739447c5ddce5b96c0a388fd82e4bbdff7251396a70182b1d83631019"},
    {file = "coverage-7.7.1-cp313-cp313-manylinux_2_5_i686.manylinux1_i686.manylinux_2_17_i686.manylinux2014_i686.whl", hash = "sha256:392cc8fd2b1b010ca36840735e2a526fcbd76795a5d44006065e79868cc76ccf"},
    {file = "coverage-7.7.1-cp313-cp313-manylinux_2_5_x86_64.manylinux1_x86_64.manylinux_2_17_x86_64.manylinux2014_x86_64.whl", hash = "sha256:9bb47cc9f07a59a451361a850cb06d20633e77a9118d05fd0f77b1864439461b"},
    {file = "coverage-7.7.1-cp313-cp313-musllinux_1_2_aarch64.whl", hash = "sha256:b4c144c129343416a49378e05c9451c34aae5ccf00221e4fa4f487db0816ee2f"},
    {file = "coverage-7.7.1-cp313-cp313-musllinux_1_2_i686.whl", hash = "sha256:bc96441c9d9ca12a790b5ae17d2fa6654da4b3962ea15e0eabb1b1caed094777"},
    {file = "coverage-7.7.1-cp313-cp313-musllinux_1_2_x86_64.whl", hash = "sha256:3d03287eb03186256999539d98818c425c33546ab4901028c8fa933b62c35c3a"},
    {file = "coverage-7.7.1-cp313-cp313-win32.whl", hash = "sha256:8fed429c26b99641dc1f3a79179860122b22745dd9af36f29b141e178925070a"},
    {file = "coverage-7.7.1-cp313-cp313-win_amd64.whl", hash = "sha256:092b134129a8bb940c08b2d9ceb4459af5fb3faea77888af63182e17d89e1cf1"},
    {file = "coverage-7.7.1-cp313-cp313t-macosx_10_13_x86_64.whl", hash = "sha256:d3154b369141c3169b8133973ac00f63fcf8d6dbcc297d788d36afbb7811e511"},
    {file = "coverage-7.7.1-cp313-cp313t-macosx_11_0_arm64.whl", hash = "sha256:264ff2bcce27a7f455b64ac0dfe097680b65d9a1a293ef902675fa8158d20b24"},
    {file = "coverage-7.7.1-cp313-cp313t-manylinux_2_17_aarch64.manylinux2014_aarch64.whl", hash = "sha256:ba8480ebe401c2f094d10a8c4209b800a9b77215b6c796d16b6ecdf665048950"},
    {file = "coverage-7.7.1-cp313-cp313t-manylinux_2_5_i686.manylinux1_i686.manylinux_2_17_i686.manylinux2014_i686.whl", hash = "sha256:520af84febb6bb54453e7fbb730afa58c7178fd018c398a8fcd8e269a79bf96d"},
    {file = "coverage-7.7.1-cp313-cp313t-manylinux_2_5_x86_64.manylinux1_x86_64.manylinux_2_17_x86_64.manylinux2014_x86_64.whl", hash = "sha256:88d96127ae01ff571d465d4b0be25c123789cef88ba0879194d673fdea52f54e"},
    {file = "coverage-7.7.1-cp313-cp313t-musllinux_1_2_aarch64.whl", hash = "sha256:0ce92c5a9d7007d838456f4b77ea159cb628187a137e1895331e530973dcf862"},
    {file = "coverage-7.7.1-cp313-cp313t-musllinux_1_2_i686.whl", hash = "sha256:0dab4ef76d7b14f432057fdb7a0477e8bffca0ad39ace308be6e74864e632271"},
    {file = "coverage-7.7.1-cp313-cp313t-musllinux_1_2_x86_64.whl", hash = "sha256:7e688010581dbac9cab72800e9076e16f7cccd0d89af5785b70daa11174e94de"},
    {file = "coverage-7.7.1-cp313-cp313t-win32.whl", hash = "sha256:e52eb31ae3afacdacfe50705a15b75ded67935770c460d88c215a9c0c40d0e9c"},
    {file = "coverage-7.7.1-cp313-cp313t-win_amd64.whl", hash = "sha256:a6b6b3bd121ee2ec4bd35039319f3423d0be282b9752a5ae9f18724bc93ebe7c"},
    {file = "coverage-7.7.1-cp39-cp39-macosx_10_9_x86_64.whl", hash = "sha256:34a3bf6b92e6621fc4dcdaab353e173ccb0ca9e4bfbcf7e49a0134c86c9cd303"},
    {file = "coverage-7.7.1-cp39-cp39-macosx_11_0_arm64.whl", hash = "sha256:d6874929d624d3a670f676efafbbc747f519a6121b581dd41d012109e70a5ebd"},
    {file = "coverage-7.7.1-cp39-cp39-manylinux_2_17_aarch64.manylinux2014_aarch64.whl", hash = "sha256:7ba5ff236c87a7b7aa1441a216caf44baee14cbfbd2256d306f926d16b026578"},
    {file = "coverage-7.7.1-cp39-cp39-manylinux_2_5_i686.manylinux1_i686.manylinux_2_17_i686.manylinux2014_i686.whl", hash = "sha256:452735fafe8ff5918236d5fe1feac322b359e57692269c75151f9b4ee4b7e1bc"},
    {file = "coverage-7.7.1-cp39-cp39-manylinux_2_5_x86_64.manylinux1_x86_64.manylinux_2_17_x86_64.manylinux2014_x86_64.whl", hash = "sha256:f5f99a93cecf799738e211f9746dc83749b5693538fbfac279a61682ba309387"},
    {file = "coverage-7.7.1-cp39-cp39-musllinux_1_2_aarch64.whl", hash = "sha256:11dd6f52c2a7ce8bf0a5f3b6e4a8eb60e157ffedc3c4b4314a41c1dfbd26ce58"},
    {file = "coverage-7.7.1-cp39-cp39-musllinux_1_2_i686.whl", hash = "sha256:b52edb940d087e2a96e73c1523284a2e94a4e66fa2ea1e2e64dddc67173bad94"},
    {file = "coverage-7.7.1-cp39-cp39-musllinux_1_2_x86_64.whl", hash = "sha256:d2e73e2ac468536197e6b3ab79bc4a5c9da0f078cd78cfcc7fe27cf5d1195ef0"},
    {file = "coverage-7.7.1-cp39-cp39-win32.whl", hash = "sha256:18f544356bceef17cc55fcf859e5664f06946c1b68efcea6acdc50f8f6a6e776"},
    {file = "coverage-7.7.1-cp39-cp39-win_amd64.whl", hash = "sha256:d66ff48ab3bb6f762a153e29c0fc1eb5a62a260217bc64470d7ba602f5886d20"},
    {file = "coverage-7.7.1-pp39.pp310.pp311-none-any.whl", hash = "sha256:5b7b02e50d54be6114cc4f6a3222fec83164f7c42772ba03b520138859b5fde1"},
    {file = "coverage-7.7.1-py3-none-any.whl", hash = "sha256:822fa99dd1ac686061e1219b67868e25d9757989cf2259f735a4802497d6da31"},
    {file = "coverage-7.7.1.tar.gz", hash = "sha256:199a1272e642266b90c9f40dec7fd3d307b51bf639fa0d15980dc0b3246c1393"},
]

[package.extras]
toml = ["tomli"]

[[package]]
name = "cx-freeze"
version = "8.0.0"
description = "Create standalone executables from Python scripts"
category = "main"
optional = false
python-versions = ">=3.9"
files = [
    {file = "cx_Freeze-8.0.0-cp310-cp310-macosx_10_9_universal2.whl", hash = "sha256:5234b8efc126b7725ced9a39d0d2e821d3f7e6dafdfa6341c3f5941620f78e41"},
    {file = "cx_Freeze-8.0.0-cp310-cp310-manylinux_2_17_aarch64.manylinux2014_aarch64.whl", hash = "sha256:dbc273a5255254f161e2657a6eb28d1ad9d91160cdaadb1345eecb6def0b2750"},
    {file = "cx_Freeze-8.0.0-cp310-cp310-manylinux_2_17_x86_64.manylinux2014_x86_64.whl", hash = "sha256:bc31faf6f13b5d2c061d8272430a1fe7edacf69e52f58a6abafa915a63175996"},
    {file = "cx_Freeze-8.0.0-cp310-cp310-win32.whl", hash = "sha256:c462c8eea6e027935dca2ed6b8f454c0168997bc8c35675e27f88453c28ee6b5"},
    {file = "cx_Freeze-8.0.0-cp310-cp310-win_amd64.whl", hash = "sha256:f8473e1f5bca443e467267de1b65f3e5d5e14cdb3fb6bcade0be827ba549fc10"},
    {file = "cx_Freeze-8.0.0-cp311-cp311-macosx_10_9_universal2.whl", hash = "sha256:37b93bce511833a969112d8291aa43fb8e8f04dcfde90b64deea5161433db078"},
    {file = "cx_Freeze-8.0.0-cp311-cp311-manylinux_2_17_aarch64.manylinux2014_aarch64.whl", hash = "sha256:2f20677847b07178b6024c3772691110343cded9697c6e88dd70a823bae7ef68"},
    {file = "cx_Freeze-8.0.0-cp311-cp311-manylinux_2_17_ppc64le.manylinux2014_ppc64le.whl", hash = "sha256:d7edeacac439aa2f40889096fcc206f405c02b1c01b87a74b5a6220e35db27b5"},
    {file = "cx_Freeze-8.0.0-cp311-cp311-manylinux_2_17_x86_64.manylinux2014_x86_64.whl", hash = "sha256:10ed7e3b1d82449aee615d012cf01a6c9c325fa555376a7543867329d76f747c"},
    {file = "cx_Freeze-8.0.0-cp311-cp311-musllinux_1_2_aarch64.whl", hash = "sha256:7ece5861269ecd1beade8709ea74e0274a20791adbe4098bf26a07b5b1fccd21"},
    {file = "cx_Freeze-8.0.0-cp311-cp311-musllinux_1_2_x86_64.whl", hash = "sha256:61b736aae91e24e504d19a598e0cfab8adbe2c84e1c39a6dcdd0d88e10591c89"},
    {file = "cx_Freeze-8.0.0-cp311-cp311-win32.whl", hash = "sha256:df019895551743c7c4a5c77ba0647e34c25132a07db4a08497a5eab2d6376bdc"},
    {file = "cx_Freeze-8.0.0-cp311-cp311-win_amd64.whl", hash = "sha256:fb643a95bbef117b27d1abdb0607245488c640b92f54db1f37ad5b705eb90d13"},
    {file = "cx_Freeze-8.0.0-cp312-cp312-macosx_10_13_universal2.whl", hash = "sha256:6da256133c981960408443558031ce818254b9bc8483039d507ebd5b914f5f6d"},
    {file = "cx_Freeze-8.0.0-cp312-cp312-manylinux_2_17_aarch64.manylinux2014_aarch64.whl", hash = "sha256:1af9ab25e90924c26e45ee27a4743604538ab51095b4eb2c9052d548ac04b5e7"},
    {file = "cx_Freeze-8.0.0-cp312-cp312-manylinux_2_17_ppc64le.manylinux2014_ppc64le.whl", hash = "sha256:d0cc36dd9c1f0ee156b1288d3a566b55281ae83b09f56c7480d00f5e32236b53"},
    {file = "cx_Freeze-8.0.0-cp312-cp312-manylinux_2_17_x86_64.manylinux2014_x86_64.whl", hash = "sha256:5101f2f7074c1373ac122e50c102ffc1805218d0bd994f3f07fe8ffefe46c7cb"},
    {file = "cx_Freeze-8.0.0-cp312-cp312-musllinux_1_2_aarch64.whl", hash = "sha256:b5afdddd6a68c69823308b03dd697ec84adca898ff4dcf507325fc56f08ba8f6"},
    {file = "cx_Freeze-8.0.0-cp312-cp312-musllinux_1_2_x86_64.whl", hash = "sha256:592ee11c4e6e61b57bfd3cd1a4655cfe1e7dbb5e2d1bbac8fa34614d54b16294"},
    {file = "cx_Freeze-8.0.0-cp312-cp312-win32.whl", hash = "sha256:a560abd4f29438ed1c5be9b995a6a28db476a0210b354c28b8b7789bf4e8ae00"},
    {file = "cx_Freeze-8.0.0-cp312-cp312-win_amd64.whl", hash = "sha256:90b7cad33fbe9be5defb7bbd24270f3589037e0127e3e5b2078255fe1ca64037"},
    {file = "cx_Freeze-8.0.0-cp313-cp313-macosx_10_13_universal2.whl", hash = "sha256:25fbbd1f06c162b0056f9aa1982ee7c87198445511ec850f07d2e2cf208460f1"},
    {file = "cx_Freeze-8.0.0-cp313-cp313-manylinux_2_17_aarch64.manylinux2014_aarch64.whl", hash = "sha256:0b3741719ad85f348f088fe20d7acbe6c176e941aa9c8888633eeeb6734d835c"},
    {file = "cx_Freeze-8.0.0-cp313-cp313-manylinux_2_17_x86_64.manylinux2014_x86_64.whl", hash = "sha256:ee138b0b000b4014abfcba8f3d6ec45524c50d02e985b987027185c07aa5bdde"},
    {file = "cx_Freeze-8.0.0-cp313-cp313-win32.whl", hash = "sha256:403bd682238e4e8e0eac89dc0240925fc6bb3b638f28a2f1b7404be62cdcd42c"},
    {file = "cx_Freeze-8.0.0-cp313-cp313-win_amd64.whl", hash = "sha256:bdba9196bf577d04700a4f17bf6ce9ec3e56d4dd97a7feae237dc8dce07287e7"},
    {file = "cx_Freeze-8.0.0-cp313-cp313t-macosx_10_13_universal2.whl", hash = "sha256:93a2ca2ee6e374dd3a6796e67367d24396467df2f9b8434f12daec9d9a88e126"},
    {file = "cx_Freeze-8.0.0-cp313-cp313t-manylinux_2_17_aarch64.manylinux2014_aarch64.whl", hash = "sha256:cf47b56fa2cb5982232d30a475a739d7c10db498a8d45024c93b963a8736d478"},
    {file = "cx_Freeze-8.0.0-cp313-cp313t-manylinux_2_17_x86_64.manylinux2014_x86_64.whl", hash = "sha256:fd36251ae2af50ec78fd574411a0fbb7868d8ec0ebaaa9a0dc264a46600102fc"},
    {file = "cx_Freeze-8.0.0-cp313-cp313t-musllinux_1_2_aarch64.whl", hash = "sha256:51857ce2863b9c33fbdfa96a04365c64641cb8f567f4c7cadace6f63ebcf9a25"},
    {file = "cx_Freeze-8.0.0-cp313-cp313t-musllinux_1_2_x86_64.whl", hash = "sha256:eae16598241754e6184c07a959055f824d4b5b9d7eaf2b1a31d3bb118c448374"},
    {file = "cx_Freeze-8.0.0-cp39-cp39-macosx_10_9_universal2.whl", hash = "sha256:b27d906c8bbaab7033ef0f8d81bf3e3483a37dded3274b376b05cee045d5d1bc"},
    {file = "cx_Freeze-8.0.0-cp39-cp39-manylinux_2_17_aarch64.manylinux2014_aarch64.whl", hash = "sha256:706a7f634eefaada2a5ccf7a60df8b0ba0581a31b811aac06c2463db8ea73a58"},
    {file = "cx_Freeze-8.0.0-cp39-cp39-manylinux_2_17_x86_64.manylinux2014_x86_64.whl", hash = "sha256:74fae9cd7f52bd0814e899cd9e6738166eafe584d3af6fe21141af68afc57e77"},
    {file = "cx_Freeze-8.0.0-cp39-cp39-win32.whl", hash = "sha256:f190bcb98ddb65b2d362a0cda0eec3db62b8f57b3e89f40b7de7f32438b6b47f"},
    {file = "cx_Freeze-8.0.0-cp39-cp39-win_amd64.whl", hash = "sha256:2aad33a9e0b7f51cf45442f5ebe001c7eea67762481057b85ebf6f46e525e7ab"},
    {file = "cx_freeze-8.0.0.tar.gz", hash = "sha256:80e1f87bb152ed0f97f7c6435e0237d44aade99979927c4627771322a25d550d"},
]

[package.dependencies]
cabarchive = {version = ">=0.2.4", markers = "sys_platform == \"win32\""}
cx_Logging = {version = ">=3.1", markers = "sys_platform == \"win32\""}
dmgbuild = {version = ">=1.6.1", markers = "sys_platform == \"darwin\""}
filelock = ">=3.12.3"
lief = {version = ">=0.13.2,<=0.16.4", markers = "sys_platform == \"win32\""}
packaging = ">=24"
patchelf = {version = ">=0.14", markers = "sys_platform == \"linux\" and platform_machine == \"x86_64\" or sys_platform == \"linux\" and platform_machine == \"i686\" or sys_platform == \"linux\" and platform_machine == \"aarch64\" or sys_platform == \"linux\" and platform_machine == \"armv7l\" or sys_platform == \"linux\" and platform_machine == \"ppc64le\" or sys_platform == \"linux\" and platform_machine == \"s390x\""}
setuptools = ">=65.6.3,<=75.8.0"
striprtf = {version = ">=0.0.26", markers = "sys_platform == \"win32\""}

[package.extras]
dev = ["bump-my-version (==1.0.2)", "cibuildwheel (==2.23.1)", "pre-commit (==4.2.0)"]
doc = ["furo (==2024.8.6)", "myst-parser (>=3.0.1,<=4.0.1)", "sphinx (==7.4.7)", "sphinx-new-tab-link (==0.7.0)", "sphinx-tabs (==3.4.7)"]
tests = ["coverage (==7.7.0)", "pluggy (==1.5.0)", "pytest (==8.3.5)", "pytest-cov (==6.0.0)", "pytest-datafiles (==3.0.0)", "pytest-mock (==3.14.0)", "pytest-timeout (==2.3.1)", "pytest-xdist (==3.6.1)"]

[[package]]
name = "cx-logging"
version = "3.2.1"
description = "Python and C interfaces for logging"
category = "main"
optional = false
python-versions = ">=3.9"
files = [
    {file = "cx_Logging-3.2.1-cp310-cp310-manylinux_2_17_aarch64.manylinux2014_aarch64.whl", hash = "sha256:e03e6ab69b7782b30eff481cabdb12b4f4693b684c8954af773b523e64f6211b"},
    {file = "cx_Logging-3.2.1-cp310-cp310-manylinux_2_17_x86_64.manylinux2014_x86_64.whl", hash = "sha256:710ca06a6cdd56a7c8e866c70e0a4dc92453e7000355b8dca07dac008ca57b6e"},
    {file = "cx_Logging-3.2.1-cp310-cp310-win32.whl", hash = "sha256:4fb0d7c6dc9a8c403e4c62a3be87301946102d036fbe7bd66c6851225ac05a2e"},
    {file = "cx_Logging-3.2.1-cp310-cp310-win_amd64.whl", hash = "sha256:42f48fae8254b6de27710b6bfd34467fde88072d5961f67e88914d7e2bb6c13e"},
    {file = "cx_Logging-3.2.1-cp311-cp311-manylinux_2_17_aarch64.manylinux2014_aarch64.whl", hash = "sha256:f27755fbed447fc78f5e2aaf9aa2e75fd699ce0cd6e01649edd36eebe4db26e9"},
    {file = "cx_Logging-3.2.1-cp311-cp311-manylinux_2_17_x86_64.manylinux2014_x86_64.whl", hash = "sha256:1ad36493c59f452709813d8b5b34164aae7c576445e9d5758ce4dfe1ea2561ed"},
    {file = "cx_Logging-3.2.1-cp311-cp311-win32.whl", hash = "sha256:ef526f0ddeba8611942ee76f2117cebb6319a2413b4077c2c1bf0947a61b9148"},
    {file = "cx_Logging-3.2.1-cp311-cp311-win_amd64.whl", hash = "sha256:4f6366871aa70439c4e3c25c3bb3dd70e8ee98bc190fd30862d7b199948b26f8"},
    {file = "cx_Logging-3.2.1-cp312-cp312-manylinux_2_17_aarch64.manylinux2014_aarch64.whl", hash = "sha256:c2bab892db2b1c18aaea2bc3dec001a73274fc4496c2c6d749144f179a8e2041"},
    {file = "cx_Logging-3.2.1-cp312-cp312-manylinux_2_17_x86_64.manylinux2014_x86_64.whl", hash = "sha256:800ce5a99a40f091b3671f9e174a6695e4cc30193b3b1aafb7f4712459ec080c"},
    {file = "cx_Logging-3.2.1-cp312-cp312-win32.whl", hash = "sha256:3f3de06cf09d5986b39e930c213567c340b3237dfce03d8d3bf6099475eaa02e"},
    {file = "cx_Logging-3.2.1-cp312-cp312-win_amd64.whl", hash = "sha256:3452add0544db6ff29116b72a4c48761aaffa9b638728330433853c0c4ad2ea1"},
    {file = "cx_Logging-3.2.1-cp313-cp313-manylinux_2_17_aarch64.manylinux2014_aarch64.whl", hash = "sha256:15e9eee263168f2015cbc7e921775d6f08db15b127c3c48b23080ec190f2bc66"},
    {file = "cx_Logging-3.2.1-cp313-cp313-manylinux_2_17_x86_64.manylinux2014_x86_64.whl", hash = "sha256:9418ca19ef435865815f3c60f60412993cf6823fe99882c9c8adeaaabe61ea07"},
    {file = "cx_Logging-3.2.1-cp313-cp313-win32.whl", hash = "sha256:330a29030bdca8795c99b678b4f6d87a75fb606eed1da206fdd9fa579a33dc21"},
    {file = "cx_Logging-3.2.1-cp313-cp313-win_amd64.whl", hash = "sha256:e14748b031522a95aa2db4adfc5f2be5f96f4d0fe687da591114f73a09e66926"},
    {file = "cx_Logging-3.2.1-cp39-cp39-manylinux_2_17_aarch64.manylinux2014_aarch64.whl", hash = "sha256:d57d9633671be935b83be86c43309f261fbe8ea5da704d96756999ede727f1e9"},
    {file = "cx_Logging-3.2.1-cp39-cp39-manylinux_2_17_x86_64.manylinux2014_x86_64.whl", hash = "sha256:12b37b33478a37c34cf5afa976ccf5bc441f13781f60f0dd206a4ab63cccf24a"},
    {file = "cx_Logging-3.2.1-cp39-cp39-win32.whl", hash = "sha256:8f4d60a1a1508e88f2dab78494a1a8fd417ce335f94c01b0d443560cf8838115"},
    {file = "cx_Logging-3.2.1-cp39-cp39-win_amd64.whl", hash = "sha256:26b707221077119606195fc14a65df2f21bd7bea78b383528ae8df4ea4298246"},
    {file = "cx_logging-3.2.1.tar.gz", hash = "sha256:812665ae5012680a6fe47095c3772bce638e47cf05b2c3483db3bdbe6b06da44"},
]

[[package]]
name = "dmgbuild"
version = "1.6.5"
description = "macOS command line utility to build disk images"
category = "main"
optional = false
python-versions = ">=3.9"
files = [
    {file = "dmgbuild-1.6.5-py3-none-any.whl", hash = "sha256:e19ab8c5e8238e6455d9ccb9175817be7fd62b9cdd1eef20f63dd88e0ec469ab"},
    {file = "dmgbuild-1.6.5.tar.gz", hash = "sha256:c5cbeec574bad84a324348aa7c36d4aada04568c99fb104dec18d22ba3259f45"},
]

[package.dependencies]
ds_store = ">=1.1.0"
mac_alias = ">=2.0.1"

[package.extras]
dev = ["coverage (==7.7.0)", "pre-commit (==4.1.0)", "pytest (==8.3.5)", "tox (==4.24.2)"]
docs = ["furo (==2024.8.6)", "sphinx (==8.2.3)", "sphinx-autobuild (==2024.10.3)"]

[[package]]
name = "ds-store"
version = "1.3.1"
description = "Manipulate Finder .DS_Store files from Python"
category = "main"
optional = false
python-versions = ">=3.7"
files = [
    {file = "ds_store-1.3.1-py3-none-any.whl", hash = "sha256:fbacbb0bd5193ab3e66e5a47fff63619f15e374ffbec8ae29744251a6c8f05b5"},
    {file = "ds_store-1.3.1.tar.gz", hash = "sha256:c27d413caf13c19acb85d75da4752673f1f38267f9eb6ba81b3b5aa99c2d207c"},
]

[package.dependencies]
mac-alias = ">=2.0.1"

[package.extras]
dev = ["pre-commit", "tox"]
docs = ["sphinx", "sphinx-autobuild", "sphinx-rtd-theme"]
test = ["pytest", "pytest-cov", "pytest-tldr"]

[[package]]
name = "filelock"
version = "3.18.0"
description = "A platform independent file lock."
category = "main"
optional = false
python-versions = ">=3.9"
files = [
    {file = "filelock-3.18.0-py3-none-any.whl", hash = "sha256:c401f4f8377c4464e6db25fff06205fd89bdd83b65eb0488ed1b160f780e21de"},
    {file = "filelock-3.18.0.tar.gz", hash = "sha256:adbc88eabb99d2fec8c9c1b229b171f18afa655400173ddc653d5d01501fb9f2"},
]

[package.extras]
docs = ["furo (>=2024.8.6)", "sphinx (>=8.1.3)", "sphinx-autodoc-typehints (>=3)"]
testing = ["covdefaults (>=2.3)", "coverage (>=7.6.10)", "diff-cover (>=9.2.1)", "pytest (>=8.3.4)", "pytest-asyncio (>=0.25.2)", "pytest-cov (>=6)", "pytest-mock (>=3.14)", "pytest-timeout (>=2.3.1)", "virtualenv (>=20.28.1)"]
typing = ["typing-extensions (>=4.12.2)"]

[[package]]
name = "gitdb"
version = "4.0.12"
description = "Git Object Database"
category = "main"
optional = false
python-versions = ">=3.7"
files = [
    {file = "gitdb-4.0.12-py3-none-any.whl", hash = "sha256:67073e15955400952c6565cc3e707c554a4eea2e428946f7a4c162fab9bd9bcf"},
    {file = "gitdb-4.0.12.tar.gz", hash = "sha256:5ef71f855d191a3326fcfbc0d5da835f26b13fbcba60c32c21091c349ffdb571"},
]

[package.dependencies]
smmap = ">=3.0.1,<6"

[[package]]
name = "gitpython"
version = "3.1.44"
description = "GitPython is a Python library used to interact with Git repositories"
category = "main"
optional = false
python-versions = ">=3.7"
files = [
    {file = "GitPython-3.1.44-py3-none-any.whl", hash = "sha256:9e0e10cda9bed1ee64bc9a6de50e7e38a9c9943241cd7f585f6df3ed28011110"},
    {file = "gitpython-3.1.44.tar.gz", hash = "sha256:c87e30b26253bf5418b01b0660f818967f3c503193838337fe5e573331249269"},
]

[package.dependencies]
gitdb = ">=4.0.1,<5"

[package.extras]
doc = ["sphinx (>=7.1.2,<7.2)", "sphinx-autodoc-typehints", "sphinx_rtd_theme"]
test = ["coverage[toml]", "ddt (>=1.1.1,!=1.4.3)", "mock", "mypy", "pre-commit", "pytest (>=7.3.1)", "pytest-cov", "pytest-instafail", "pytest-mock", "pytest-sugar", "typing-extensions"]

[[package]]
name = "iniconfig"
version = "2.1.0"
description = "brain-dead simple config-ini parsing"
category = "dev"
optional = false
python-versions = ">=3.8"
files = [
    {file = "iniconfig-2.1.0-py3-none-any.whl", hash = "sha256:9deba5723312380e77435581c6bf4935c94cbfab9b1ed33ef8d238ea168eb760"},
    {file = "iniconfig-2.1.0.tar.gz", hash = "sha256:3abbd2e30b36733fee78f9c7f7308f2d0050e88f0087fd25c2645f63c773e1c7"},
]

[[package]]
name = "kkbuild"
version = "0.3.2"
description = "Building blocks for creating various build pipelines"
category = "main"
optional = false
python-versions = ">=3.11,<4.0"
files = [
    {file = "kkbuild-0.3.2-py3-none-any.whl", hash = "sha256:4b1edecdb497ad1b881b92dab82e7981a68e47d408d791432f0900bb2ddab21b"},
    {file = "kkbuild-0.3.2.tar.gz", hash = "sha256:8701d9cc064fc0d557eed2de97247b32925cfb6e9d7df2899a19e4d95a656e7a"},
]

[package.dependencies]
kkpyutil = "*"

[[package]]
name = "kkpyui"
version = "0.32.1"
description = "Tkinter-based GUI widget library for small tools"
category = "main"
optional = false
python-versions = "<4.0,>=3.11"
files = [
    {file = "kkpyui-0.32.1-py3-none-any.whl", hash = "sha256:c94f838afcfb20808073d4e1c909d3b2db07d6f56678fe20b139cd88542de524"},
    {file = "kkpyui-0.32.1.tar.gz", hash = "sha256:910761f77ee88b8add7e31372f17aedf252b3f9a6cdcbab3a567939ab5f62cda"},
]

[package.dependencies]
kkpyutil = "*"

[[package]]
name = "kkpyutil"
version = "1.45.0"
description = "Building blocks for sysadmin and DevOps"
category = "main"
optional = false
python-versions = "<4.0,>=3.9"
files = [
    {file = "kkpyutil-1.45.0-py3-none-any.whl", hash = "sha256:eaeb2ad7b064774d4386253428486aa457f8d0ee53214f79feb533e66c384031"},
    {file = "kkpyutil-1.45.0.tar.gz", hash = "sha256:8774430f6a09a4e7ccbbfee5b6ed1715187bf53e491c23f41ec111e15554e588"},
]

[[package]]
name = "lief"
version = "0.16.4"
description = "Library to instrument executable formats"
category = "main"
optional = false
python-versions = ">=3.8"
files = [
    {file = "lief-0.16.4-cp310-cp310-macosx_11_0_arm64.whl", hash = "sha256:1c6c9a3da02ee9b5fa9e6ee53ab128f89d54680d365c0e9dd34d1e1f5318032b"},
    {file = "lief-0.16.4-cp310-cp310-macosx_11_0_x86_64.whl", hash = "sha256:9ad6ceb1d89153f55b33659e46ba02642368126e8428ce825389b5bea4126388"},
    {file = "lief-0.16.4-cp310-cp310-manylinux2014_aarch64.whl", hash = "sha256:e42483f9c8de86b8c394b2809d0c239f17ccb9839719b8e9dc2cd7e6886159be"},
    {file = "lief-0.16.4-cp310-cp310-manylinux_2_28_x86_64.whl", hash = "sha256:2b9f744885d13a766fa47a6517490ddb50b917f7f8b169baff830dd175851ebf"},
    {file = "lief-0.16.4-cp310-cp310-musllinux_1_2_x86_64.whl", hash = "sha256:ae8131c663e920359afff320df9375cd4a6eacb1ace6087956f55cbe2849a89f"},
    {file = "lief-0.16.4-cp310-cp310-win32.whl", hash = "sha256:a77aac478c54d299172ae7b0531090a1ffdb0a5a3d10a98439cda7a0e88bf93c"},
    {file = "lief-0.16.4-cp310-cp310-win_amd64.whl", hash = "sha256:906b53083907011adf1d02e7b19a2138cde79b2408b5d346836ce571c1c2b1ca"},
    {file = "lief-0.16.4-cp311-cp311-macosx_11_0_arm64.whl", hash = "sha256:9ac39ce86488ab3dd8b45d15968b696ed2bc13e3471f6fe2d3783ad1c86adae3"},
    {file = "lief-0.16.4-cp311-cp311-macosx_11_0_x86_64.whl", hash = "sha256:1cc3bdc8ecc400c398b31e15fdab9986d43e1388d9727fce0300dca0a5e65c17"},
    {file = "lief-0.16.4-cp311-cp311-manylinux2014_aarch64.whl", hash = "sha256:621e0988efdf691e56fd6a8afe68cdeb4aea7cf935de3cbbcbec3455c6e57076"},
    {file = "lief-0.16.4-cp311-cp311-manylinux_2_28_x86_64.whl", hash = "sha256:8b1f328d6e955cccb798353105abdb9983c251556927258e55b02e2aa60d5645"},
    {file = "lief-0.16.4-cp311-cp311-musllinux_1_2_x86_64.whl", hash = "sha256:d1d062baacc79781f1143a01d057d0e0a857b1f80489b330684c57b76ec12e7f"},
    {file = "lief-0.16.4-cp311-cp311-win32.whl", hash = "sha256:7286e473544f85ba6c60b5afba0c3b9df3fd96d315d64a457c02cc7ce68b9711"},
    {file = "lief-0.16.4-cp311-cp311-win_amd64.whl", hash = "sha256:038b6d8910a4ff832ff6d77e439f55ec53f6c9426842ebe54bae9c26e3c36edb"},
    {file = "lief-0.16.4-cp312-cp312-macosx_11_0_arm64.whl", hash = "sha256:55e48dcb17c2ba2fbee5dd6cf68315b5a417fcfb5cb778a4298b09cd6c3dae4a"},
    {file = "lief-0.16.4-cp312-cp312-macosx_11_0_x86_64.whl", hash = "sha256:28ba25ebd22fc6bc81ae50108d5e7bc0ac3fd243dd606d12e8f96678bf82c1d0"},
    {file = "lief-0.16.4-cp312-cp312-manylinux2014_aarch64.whl", hash = "sha256:9ada948c418de2a994084fa405c28e2b36b12c3c098e69b7f77b563f049a61b5"},
    {file = "lief-0.16.4-cp312-cp312-manylinux_2_28_x86_64.whl", hash = "sha256:457a703c2b15f3465c415485506ce7f121f884f0ca82b13a08777758cb346c80"},
    {file = "lief-0.16.4-cp312-cp312-musllinux_1_2_x86_64.whl", hash = "sha256:8ba0b038eb7e8953d6c85347cba7cb353a79d122585e0797e3f1a75352ff6321"},
    {file = "lief-0.16.4-cp312-cp312-win32.whl", hash = "sha256:06cd2432def66454785add6b8f14f2cf9f7ef4168cf2eb24367192953fb33206"},
    {file = "lief-0.16.4-cp312-cp312-win_amd64.whl", hash = "sha256:c6363bf971135a4c65e2fa151e456995bb6ecb38c00f1ed9f8d4c6a625111556"},
    {file = "lief-0.16.4-cp313-cp313-macosx_11_0_arm64.whl", hash = "sha256:dec20dc5c6e146743ce99b2b883500326a7eedfbdd53f50be9db037a055cc840"},
    {file = "lief-0.16.4-cp313-cp313-macosx_11_0_x86_64.whl", hash = "sha256:4aa2bc911936cdf0ff21109963ddf93eaf2366304fc5e87a2b084e2dbbfe1f52"},
    {file = "lief-0.16.4-cp313-cp313-manylinux2014_aarch64.whl", hash = "sha256:2ba064016a68598eaa0d0c322f7fae06af62baf6265c9ff8ec17c92aea157ce4"},
    {file = "lief-0.16.4-cp313-cp313-manylinux_2_28_x86_64.whl", hash = "sha256:3b79275054b85af5857754c262b111aaf55455240acca52f02c82f9a6e526fd8"},
    {file = "lief-0.16.4-cp313-cp313-musllinux_1_2_x86_64.whl", hash = "sha256:fd9a8ebd338a8147e6f8fc2115e5965a11b8c12f09b8afe91473d9905c6ee88f"},
    {file = "lief-0.16.4-cp313-cp313-win32.whl", hash = "sha256:9e103cc2bee8ff8d960ead8a094fc6aa9878b9ebeae0c1785d1e5bc2428ec4a4"},
    {file = "lief-0.16.4-cp313-cp313-win_amd64.whl", hash = "sha256:775661661d0c4d33429f99e6cfd7f0e0c3781191be81c79eaa4a9f2c68929ebd"},
    {file = "lief-0.16.4-cp38-cp38-macosx_11_0_arm64.whl", hash = "sha256:07df595b627d5a428bcc11a6ae46abd041e0e9b185b7664d85d7f62bd5a9318e"},
    {file = "lief-0.16.4-cp38-cp38-macosx_11_0_x86_64.whl", hash = "sha256:426334fad54984a49fcdad4cc7bb9236084a9681d14f6e5b42fe7e9aead1b706"},
    {file = "lief-0.16.4-cp38-cp38-manylinux2014_aarch64.whl", hash = "sha256:b18a3a8015111cddff73157924055d5cbe36986e8832763192cd9ae71ac16205"},
    {file = "lief-0.16.4-cp38-cp38-manylinux_2_28_x86_64.whl", hash = "sha256:ac4859275bd989e9e8fe9eb1d31132b4903c4678b1c28a216d38cc731455b13f"},
    {file = "lief-0.16.4-cp38-cp38-musllinux_1_2_x86_64.whl", hash = "sha256:9b633766397bfdfc778946e84607e0e5ede04140db35caff287ce756799507c4"},
    {file = "lief-0.16.4-cp38-cp38-win32.whl", hash = "sha256:2f55ee6a33daa54bea194cbde6b5e7dc46325cc834449db2669b1a8a9ae16362"},
    {file = "lief-0.16.4-cp38-cp38-win_amd64.whl", hash = "sha256:5d99302ce8544879e650f713c368e4463d3f00b1266e27065fb86fcb73bd3fec"},
    {file = "lief-0.16.4-cp39-cp39-macosx_11_0_arm64.whl", hash = "sha256:c1b7ec16f5a8bd578b42b3438428ff09898783106915ba495360abfe93830770"},
    {file = "lief-0.16.4-cp39-cp39-macosx_11_0_x86_64.whl", hash = "sha256:07b832d821618df6f92ada9671f7111ac35e6a71e5220bc60ef20855053b78eb"},
    {file = "lief-0.16.4-cp39-cp39-manylinux2014_aarch64.whl", hash = "sha256:c436994e40037b170f261099d74db934beac4d9f824d56f912ebc2276fa79ba7"},
    {file = "lief-0.16.4-cp39-cp39-manylinux_2_28_x86_64.whl", hash = "sha256:64035c2d3fdf64cf3892555f64b158782df8603078886ac4ea27b7a2c3a77b6f"},
    {file = "lief-0.16.4-cp39-cp39-musllinux_1_2_x86_64.whl", hash = "sha256:a38f5c9329c564c483eb7248f2db1fc0fb87ffbdab933acaf5072a0e8552c20e"},
    {file = "lief-0.16.4-cp39-cp39-win32.whl", hash = "sha256:a1f7d1e8bf0e0d386be89c60effbcd5768904b26a7a7bde0ed9ed8fc67b92a31"},
    {file = "lief-0.16.4-cp39-cp39-win_amd64.whl", hash = "sha256:71449a9ae6a2e4a888db3cfd698071222e79b75b11250e33ac8bfd48634f09d8"},
]

[[package]]
name = "mac-alias"
version = "2.2.2"
description = "Generate/parse Mac OS Alias records from Python"
category = "main"
optional = false
python-versions = ">=3.7"
files = [
    {file = "mac_alias-2.2.2-py3-none-any.whl", hash = "sha256:504ab8ac546f35bbd75ad014d6ad977c426660aa721f2cd3acf3dc2f664141bd"},
    {file = "mac_alias-2.2.2.tar.gz", hash = "sha256:c99c728eb512e955c11f1a6203a0ffa8883b26549e8afe68804031aa5da856b7"},
]

[package.extras]
dev = ["pre-commit", "tox"]
docs = ["sphinx", "sphinx-autobuild", "sphinx-rtd-theme"]
test = ["pytest", "pytest-cov", "pytest-tldr"]

[[package]]
name = "packaging"
version = "24.2"
description = "Core utilities for Python packages"
category = "main"
optional = false
python-versions = ">=3.8"
files = [
    {file = "packaging-24.2-py3-none-any.whl", hash = "sha256:09abb1bccd265c01f4a3aa3f7a7db064b36514d2cba19a2f694fe6150451a759"},
    {file = "packaging-24.2.tar.gz", hash = "sha256:c228a6dc5e932d346bc5739379109d49e8853dd8223571c7c5b55260edc0b97f"},
]

[[package]]
name = "patchelf"
version = "0.17.2.2"
description = "A small utility to modify the dynamic linker and RPATH of ELF executables."
category = "main"
optional = false
python-versions = ">=3.7"
files = [
    {file = "patchelf-0.17.2.2-py3-none-macosx_10_9_universal2.whl", hash = "sha256:47b558db8f7dccc6262e930631991ecdd053724c1d8daf3df5ce03813438da10"},
    {file = "patchelf-0.17.2.2-py3-none-manylinux1_i686.manylinux_2_5_i686.musllinux_1_1_i686.whl", hash = "sha256:3b8a4d7cccac04d8231dec321245611bf147b199cbf4da305d1a364ff689fb58"},
    {file = "patchelf-0.17.2.2-py3-none-manylinux1_x86_64.manylinux_2_5_x86_64.musllinux_1_1_x86_64.whl", hash = "sha256:e334ebb1c5aa9fc740fd95ebe449271899fe1e45a3eb0941300b304f7e3d1299"},
    {file = "patchelf-0.17.2.2-py3-none-manylinux2014_aarch64.manylinux_2_17_aarch64.musllinux_1_1_aarch64.whl", hash = "sha256:3d32cd69442a229724f7f071b61cef1f87ccd80cf755af0b1ecefd553fa9ae3f"},
    {file = "patchelf-0.17.2.2-py3-none-manylinux2014_armv7l.manylinux_2_17_armv7l.musllinux_1_1_armv7l.whl", hash = "sha256:05f6bbdbe484439cb025e20c60abd37e432e6798dfa3f39a072e6b7499072a8c"},
    {file = "patchelf-0.17.2.2-py3-none-manylinux2014_ppc64le.manylinux_2_17_ppc64le.musllinux_1_1_ppc64le.whl", hash = "sha256:b54e79ceb444ec6a536a5dc2e8fc9c771ec6a1fa7d5f4dbb3dc0e5b8e5ff82e1"},
    {file = "patchelf-0.17.2.2-py3-none-manylinux2014_s390x.manylinux_2_17_s390x.musllinux_1_1_s390x.whl", hash = "sha256:24374cdbd9a072230339024fb6922577cb3231396640610b069f678bc483f21e"},
    {file = "patchelf-0.17.2.2.tar.gz", hash = "sha256:080b2ac3074fd4ab257700088e82470425e56609aa0dd07abe548f04b7b3b007"},
]

[package.extras]
test = ["importlib_metadata (>=2.0)", "pytest (>=6.0)"]

[[package]]
name = "pluggy"
version = "1.5.0"
description = "plugin and hook calling mechanisms for python"
category = "dev"
optional = false
python-versions = ">=3.8"
files = [
    {file = "pluggy-1.5.0-py3-none-any.whl", hash = "sha256:44e1ad92c8ca002de6377e165f3e0f1be63266ab4d554740532335b9d75ea669"},
    {file = "pluggy-1.5.0.tar.gz", hash = "sha256:2cffa88e94fdc978c4c574f15f9e59b7f4201d439195c3715ca9e2486f1d0cf1"},
]

[package.extras]
dev = ["pre-commit", "tox"]
testing = ["pytest", "pytest-benchmark"]

[[package]]
name = "pytest"
version = "8.3.5"
description = "pytest: simple powerful testing with Python"
category = "dev"
optional = false
python-versions = ">=3.8"
files = [
    {file = "pytest-8.3.5-py3-none-any.whl", hash = "sha256:c69214aa47deac29fad6c2a4f590b9c4a9fdb16a403176fe154b79c0b4d4d820"},
    {file = "pytest-8.3.5.tar.gz", hash = "sha256:f4efe70cc14e511565ac476b57c279e12a855b11f48f212af1080ef2263d3845"},
]

[package.dependencies]
colorama = {version = "*", markers = "sys_platform == \"win32\""}
iniconfig = "*"
packaging = "*"
pluggy = ">=1.5,<2"

[package.extras]
dev = ["argcomplete", "attrs (>=19.2)", "hypothesis (>=3.56)", "mock", "pygments (>=2.7.2)", "requests", "setuptools", "xmlschema"]

[[package]]
name = "python-osc"
version = "1.9.3"
description = "Open Sound Control server and client implementations in pure Python"
category = "dev"
optional = false
python-versions = ">=3.10"
files = [
    {file = "python_osc-1.9.3-py3-none-any.whl", hash = "sha256:7def2075be72f07bae5a4c1a55cc7d907b247f4a5d910f3159ed30ac2b1f17cc"},
    {file = "python_osc-1.9.3.tar.gz", hash = "sha256:bd0fa40def43ce509894709feb0e18f02192aca192c5e6c8fe2ba69e58f21794"},
]

[[package]]
name = "setuptools"
version = "75.8.0"
description = "Easily download, build, install, upgrade, and uninstall Python packages"
category = "main"
optional = false
python-versions = ">=3.9"
files = [
    {file = "setuptools-75.8.0-py3-none-any.whl", hash = "sha256:e3982f444617239225d675215d51f6ba05f845d4eec313da4418fdbb56fb27e3"},
    {file = "setuptools-75.8.0.tar.gz", hash = "sha256:c5afc8f407c626b8313a86e10311dd3f661c6cd9c09d4bf8c15c0e11f9f2b0e6"},
]

[package.extras]
check = ["pytest-checkdocs (>=2.4)", "pytest-ruff (>=0.2.1)", "ruff (>=0.8.0)"]
core = ["importlib_metadata (>=6)", "jaraco.collections", "jaraco.functools (>=4)", "jaraco.text (>=3.7)", "more_itertools", "more_itertools (>=8.8)", "packaging", "packaging (>=24.2)", "platformdirs (>=4.2.2)", "tomli (>=2.0.1)", "wheel (>=0.43.0)"]
cover = ["pytest-cov"]
doc = ["furo", "jaraco.packaging (>=9.3)", "jaraco.tidelift (>=1.4)", "pygments-github-lexers (==0.0.5)", "pyproject-hooks (!=1.1)", "rst.linker (>=1.9)", "sphinx (>=3.5)", "sphinx-favicon", "sphinx-inline-tabs", "sphinx-lint", "sphinx-notfound-page (>=1,<2)", "sphinx-reredirects", "sphinxcontrib-towncrier", "towncrier (<24.7)"]
enabler = ["pytest-enabler (>=2.2)"]
test = ["build[virtualenv] (>=1.0.3)", "filelock (>=3.4.0)", "ini2toml[lite] (>=0.14)", "jaraco.develop (>=7.21)", "jaraco.envs (>=2.2)", "jaraco.path (>=3.7.2)", "jaraco.test (>=5.5)", "packaging (>=24.2)", "pip (>=19.1)", "pyproject-hooks (!=1.1)", "pytest (>=6,!=8.1.*)", "pytest-home (>=0.5)", "pytest-perf", "pytest-subprocess", "pytest-timeout", "pytest-xdist (>=3)", "tomli-w (>=1.0.0)", "virtualenv (>=13.0.0)", "wheel (>=0.44.0)"]
type = ["importlib_metadata (>=7.0.2)", "jaraco.develop (>=7.21)", "mypy (>=1.14.0,<1.15.0)", "pytest-mypy"]

[[package]]
name = "smmap"
version = "5.0.2"
description = "A pure Python implementation of a sliding window memory map manager"
category = "main"
optional = false
python-versions = ">=3.7"
files = [
    {file = "smmap-5.0.2-py3-none-any.whl", hash = "sha256:b30115f0def7d7531d22a0fb6502488d879e75b260a9db4d0819cfb25403af5e"},
    {file = "smmap-5.0.2.tar.gz", hash = "sha256:26ea65a03958fa0c8a1c7e8c7a58fdc77221b8910f6be2131affade476898ad5"},
]

[[package]]
name = "striprtf"
version = "0.0.28"
description = "A simple library to convert rtf to text"
category = "main"
optional = false
python-versions = "*"
files = [
    {file = "striprtf-0.0.28-py3-none-any.whl", hash = "sha256:d441f32aeb730c347ccbbbbb06a057b8df1a4e46df0bdb9fca548c601988929c"},
    {file = "striprtf-0.0.28.tar.gz", hash = "sha256:902806a2e0821faf412130450bdbb84f15e996a729061a51fe7286c620b6fee3"},
]

[metadata]
lock-version = "2.0"
python-versions = "^3.11"
content-hash = "9fbbcc058f3505755842e4773894646370c71ca26ffff9197f74cf34fb541faa"
