# This file is automatically @generated by Poetry 1.4.0 and should not be changed by hand.

[[package]]
name = "kkpyutil"
version = "1.45.0"
description = "Building blocks for sysadmin and DevOps"
category = "main"
optional = false
python-versions = "<4.0,>=3.9"
files = [
    {file = "kkpyutil-1.45.0-py3-none-any.whl", hash = "sha256:eaeb2ad7b064774d4386253428486aa457f8d0ee53214f79feb533e66c384031"},
    {file = "kkpyutil-1.45.0.tar.gz", hash = "sha256:8774430f6a09a4e7ccbbfee5b6ed1715187bf53e491c23f41ec111e15554e588"},
]

[[package]]
name = "python-osc"
version = "1.9.3"
description = "Open Sound Control server and client implementations in pure Python"
category = "dev"
optional = false
python-versions = ">=3.10"
files = [
    {file = "python_osc-1.9.3-py3-none-any.whl", hash = "sha256:7def2075be72f07bae5a4c1a55cc7d907b247f4a5d910f3159ed30ac2b1f17cc"},
    {file = "python_osc-1.9.3.tar.gz", hash = "sha256:bd0fa40def43ce509894709feb0e18f02192aca192c5e6c8fe2ba69e58f21794"},
]

[metadata]
lock-version = "2.0"
python-versions = "^3.11"
content-hash = "ba104da4635ca987a34701f18ddd2fac853f94444ff6f0c315bb3aa817e05bb4"
